{
  "version": 4,
  "terraform_version": "1.5.3",
  "serial": 28,
  "lineage": "f3619114-62f9-23be-e4b3-0b8a918d45bc",
  "outputs": {},
  "resources": [
    {
      "mode": "managed",
      "type": "virtualbox_vm",
      "name": "vm1",
      "provider": "provider[\"registry.terraform.io/shekeriev/virtualbox\"]",
      "instances": [
        {
          "status": "tainted",
          "schema_version": 0,
          "attributes": {
            "boot_order": null,
            "checksum": null,
            "checksum_type": null,
            "cpus": 2,
            "id": "c208201e-e396-4dad-9c3c-a42f21484325",
            "image": "https://cloud-images.ubuntu.com/vagrant/trusty/current/trusty-server-cloudimg-amd64-vagrant-disk1.box",
            "memory": "1.9 gib",
            "name": "Official Ubuntu 14.04",
            "network_adapter": [
              {
                "device": "IntelPro1000TServer",
                "host_interface": "eth1",
                "ipv4_address": "",
                "ipv4_address_available": "",
                "mac_address": "",
                "status": "",
                "type": "nat"
              }
            ],
            "optical_disks": null,
            "status": "running",
            "url": null,
            "user_data": null
          },
          "sensitive_attributes": [],
          "private": "bnVsbA=="
        }
      ]
    }
  ],
  "check_results": null
}
