{
  "version": 4,
  "terraform_version": "1.5.5",
  "serial": 15,
  "lineage": "ffcefe15-a065-61ae-4cf9-1c690ca151b0",
  "outputs": {
    "create_secret": {
      "value": "secret/new",
      "type": "string"
    },
    "vault_example": {
      "value": {
        "test": "congrats!"
      },
      "type": [
        "map",
        "string"
      ]
    }
  },
  "resources": [
    {
      "mode": "data",
      "type": "vault_generic_secret",
      "name": "vault_example",
      "provider": "provider[\"registry.terraform.io/hashicorp/vault\"]",
      "instances": [
        {
          "schema_version": 0,
          "attributes": {
            "data": {
              "test": "congrats!"
            },
            "data_json": "{\"test\":\"congrats!\"}",
            "id": "secret/example",
            "lease_duration": 0,
            "lease_id": "",
            "lease_renewable": false,
            "lease_start_time": "2023-08-17T07:27:41Z",
            "namespace": null,
            "path": "secret/example",
            "version": -1,
            "with_lease_start_time": true
          },
          "sensitive_attributes": []
        }
      ]
    },
    {
      "mode": "managed",
      "type": "vault_generic_secret",
      "name": "create_secret",
      "provider": "provider[\"registry.terraform.io/hashicorp/vault\"]",
      "instances": [
        {
          "schema_version": 1,
          "attributes": {
            "data": {
              "keyone": "valueone",
              "netology": "student"
            },
            "data_json": "{\"keyone\":\"valueone\",\"netology\":\"student\"}",
            "delete_all_versions": false,
            "disable_read": false,
            "id": "secret/new",
            "namespace": null,
            "path": "secret/new"
          },
          "sensitive_attributes": [],
          "private": "eyJzY2hlbWFfdmVyc2lvbiI6IjEifQ=="
        }
      ]
    }
  ],
  "check_results": null
}
