{
  "version": 4,
  "terraform_version": "1.5.5",
  "serial": 74,
  "lineage": "d844569c-3cb6-4c9f-fbf4-0bbfbdbf474f",
  "outputs": {},
  "resources": [
    {
      "module": "module.vpc_mysql_cluster",
      "mode": "managed",
      "type": "yandex_mdb_mysql_cluster",
      "name": "vpc_mysql_cluster",
      "provider": "module.vpc_mysql_cluster.provider[\"registry.terraform.io/yandex-cloud/yandex\"]",
      "instances": [
        {
          "schema_version": 0,
          "attributes": {
            "access": [
              {
                "data_lens": false,
                "data_transfer": false,
                "web_sql": false
              }
            ],
            "allow_regeneration_host": false,
            "backup_retain_period_days": 7,
            "backup_window_start": [
              {
                "hours": 0,
                "minutes": 0
              }
            ],
            "created_at": "2023-08-18T11:25:55Z",
            "database": [],
            "deletion_protection": false,
            "description": "",
            "environment": "PRESTABLE",
            "folder_id": "b1g7kr9i41eoi2fqj52o",
            "health": "HEALTH_UNKNOWN",
            "host": [
              {
                "assign_public_ip": false,
                "backup_priority": 0,
                "fqdn": "rc1a-r0j2as5nzau6ihbh.mdb.yandexcloud.net",
                "name": "",
                "priority": 0,
                "replication_source": "",
                "replication_source_name": "",
                "subnet_id": "e9befdrsnieog3hal2h6",
                "zone": "ru-central1-a"
              },
              {
                "assign_public_ip": false,
                "backup_priority": 0,
                "fqdn": "rc1a-9j8n3yh44l4nw8gh.mdb.yandexcloud.net",
                "name": "",
                "priority": 0,
                "replication_source": "",
                "replication_source_name": "",
                "subnet_id": "e9befdrsnieog3hal2h6",
                "zone": "ru-central1-a"
              },
              {
                "assign_public_ip": false,
                "backup_priority": 0,
                "fqdn": "rc1a-s8z05bwqoclcgpbs.mdb.yandexcloud.net",
                "name": "",
                "priority": 0,
                "replication_source": "",
                "replication_source_name": "",
                "subnet_id": "e9befdrsnieog3hal2h6",
                "zone": "ru-central1-a"
              }
            ],
            "host_group_ids": [],
            "id": "c9qdjm9qsqnhecijfshu",
            "labels": null,
            "maintenance_window": [
              {
                "day": "SAT",
                "hour": 12,
                "type": "WEEKLY"
              }
            ],
            "mysql_config": {
              "binlog_transaction_dependency_tracking": "0",
              "log_slow_rate_type": "0",
              "sql_mode": "ONLY_FULL_GROUP_BY,STRICT_TRANS_TABLES,NO_ZERO_IN_DATE,NO_ZERO_DATE,ERROR_FOR_DIVISION_BY_ZERO,NO_ENGINE_SUBSTITUTION"
            },
            "name": "vpc_mysql_cluster",
            "network_id": "enppe92607jthrn77a39",
            "performance_diagnostics": [
              {
                "enabled": false,
                "sessions_sampling_interval": 60,
                "statements_sampling_interval": 600
              }
            ],
            "resources": [
              {
                "disk_size": 10,
                "disk_type_id": "network-ssd",
                "resource_preset_id": "s2.micro"
              }
            ],
            "restore": [],
            "security_group_ids": null,
            "status": "RUNNING",
            "timeouts": null,
            "user": [],
            "version": "8.0"
          },
          "sensitive_attributes": [],
          "private": "eyJlMmJmYjczMC1lY2FhLTExZTYtOGY4OC0zNDM2M2JjN2M0YzAiOnsiY3JlYXRlIjo5MDAwMDAwMDAwMDAsImRlbGV0ZSI6OTAwMDAwMDAwMDAwLCJ1cGRhdGUiOjM2MDAwMDAwMDAwMDB9fQ==",
          "dependencies": [
            "module.vpc_mysql_cluster.yandex_vpc_network.cluster_net",
            "module.vpc_mysql_cluster.yandex_vpc_subnet.cluster_subnet"
          ]
        }
      ]
    },
    {
      "module": "module.vpc_mysql_cluster",
      "mode": "managed",
      "type": "yandex_vpc_network",
      "name": "cluster_net",
      "provider": "module.vpc_mysql_cluster.provider[\"registry.terraform.io/yandex-cloud/yandex\"]",
      "instances": [
        {
          "schema_version": 0,
          "attributes": {
            "created_at": "2023-08-18T11:25:54Z",
            "default_security_group_id": "",
            "description": "",
            "folder_id": "b1g7kr9i41eoi2fqj52o",
            "id": "enppe92607jthrn77a39",
            "labels": {},
            "name": "mysql_net",
            "subnet_ids": [],
            "timeouts": null
          },
          "sensitive_attributes": [],
          "private": "eyJlMmJmYjczMC1lY2FhLTExZTYtOGY4OC0zNDM2M2JjN2M0YzAiOnsiY3JlYXRlIjo2MDAwMDAwMDAwMCwiZGVsZXRlIjo2MDAwMDAwMDAwMCwidXBkYXRlIjo2MDAwMDAwMDAwMH19"
        }
      ]
    },
    {
      "module": "module.vpc_mysql_cluster",
      "mode": "managed",
      "type": "yandex_vpc_subnet",
      "name": "cluster_subnet",
      "provider": "module.vpc_mysql_cluster.provider[\"registry.terraform.io/yandex-cloud/yandex\"]",
      "instances": [
        {
          "schema_version": 0,
          "attributes": {
            "created_at": "2023-08-18T11:25:55Z",
            "description": "",
            "dhcp_options": [],
            "folder_id": "b1g7kr9i41eoi2fqj52o",
            "id": "e9befdrsnieog3hal2h6",
            "labels": {},
            "name": "",
            "network_id": "enppe92607jthrn77a39",
            "route_table_id": "",
            "timeouts": null,
            "v4_cidr_blocks": [
              "10.0.1.0/24"
            ],
            "v6_cidr_blocks": [],
            "zone": "ru-central1-a"
          },
          "sensitive_attributes": [],
          "private": "eyJlMmJmYjczMC1lY2FhLTExZTYtOGY4OC0zNDM2M2JjN2M0YzAiOnsiY3JlYXRlIjoxODAwMDAwMDAwMDAsImRlbGV0ZSI6MTgwMDAwMDAwMDAwLCJ1cGRhdGUiOjE4MDAwMDAwMDAwMH19",
          "dependencies": [
            "module.vpc_mysql_cluster.yandex_vpc_network.cluster_net"
          ]
        }
      ]
    }
  ],
  "check_results": null
}
